
Microsoft Visual Studio Solution File, Format Version 12.00
Project("{FAE04EC0-301F-11D3-BF4B-00C04F79EFBC}") = "PasswordC", "PasswordC\PasswordC.csproj", "{5689A57A-40A2-4C82-A28E-7DC07DEF8BA2}"
EndProject
Project("{FAE04EC0-301F-11D3-BF4B-00C04F79EFBC}") = "PasswordLibrary", "PasswordLibrary\PasswordLibrary.csproj", "{05250734-933F-402C-AA62-E5E32240B5D4}"
EndProject
Project("{FAE04EC0-301F-11D3-BF4B-00C04F79EFBC}") = "TestPassword", "TestPassword\TestPassword.csproj", "{0357D590-0F28-49F7-AAE2-68B38B2FD2CC}"
EndProject
Global
	GlobalSection(SolutionConfigurationPlatforms) = preSolution
		Debug|Any CPU = Debug|Any CPU
		Release|Any CPU = Release|Any CPU
	EndGlobalSection
	GlobalSection(ProjectConfigurationPlatforms) = postSolution
		{5689A57A-40A2-4C82-A28E-7DC07DEF8BA2}.Debug|Any CPU.ActiveCfg = Debug|Any CPU
		{5689A57A-40A2-4C82-A28E-7DC07DEF8BA2}.Debug|Any CPU.Build.0 = Debug|Any CPU
		{5689A57A-40A2-4C82-A28E-7DC07DEF8BA2}.Release|Any CPU.ActiveCfg = Release|Any CPU
		{5689A57A-40A2-4C82-A28E-7DC07DEF8BA2}.Release|Any CPU.Build.0 = Release|Any CPU
		{05250734-933F-402C-AA62-E5E32240B5D4}.Debug|Any CPU.ActiveCfg = Debug|Any CPU
		{05250734-933F-402C-AA62-E5E32240B5D4}.Debug|Any CPU.Build.0 = Debug|Any CPU
		{05250734-933F-402C-AA62-E5E32240B5D4}.Release|Any CPU.ActiveCfg = Release|Any CPU
		{05250734-933F-402C-AA62-E5E32240B5D4}.Release|Any CPU.Build.0 = Release|Any CPU
		{0357D590-0F28-49F7-AAE2-68B38B2FD2CC}.Debug|Any CPU.ActiveCfg = Debug|Any CPU
		{0357D590-0F28-49F7-AAE2-68B38B2FD2CC}.Debug|Any CPU.Build.0 = Debug|Any CPU
		{0357D590-0F28-49F7-AAE2-68B38B2FD2CC}.Release|Any CPU.ActiveCfg = Release|Any CPU
		{0357D590-0F28-49F7-AAE2-68B38B2FD2CC}.Release|Any CPU.Build.0 = Release|Any CPU
	EndGlobalSection
EndGlobal
